// !$*UTF8*$!
{
	archiveVersion = 1;
	classes = {
	};
	objectVersion = 50;
	objects = {

/* Begin PBXBuildFile section */
		A01BF1B822B975FC00D3C308 /* AppDelegate.swift in Sources */ = {isa = PBXBuildFile; fileRef = A01BF1B722B975FC00D3C308 /* AppDelegate.swift */; };
		A01BF1BA22B975FC00D3C308 /* ViewController.swift in Sources */ = {isa = PBXBuildFile; fileRef = A01BF1B922B975FC00D3C308 /* ViewController.swift */; };
		A01BF1BD22B975FC00D3C308 /* Main.storyboard in Resources */ = {isa = PBXBuildFile; fileRef = A01BF1BB22B975FC00D3C308 /* Main.storyboard */; };
		A01BF1BF22B975FD00D3C308 /* Assets.xcassets in Resources */ = {isa = PBXBuildFile; fileRef = A01BF1BE22B975FD00D3C308 /* Assets.xcassets */; };
		A01BF1C222B975FD00D3C308 /* LaunchScreen.storyboard in Resources */ = {isa = PBXBuildFile; fileRef = A01BF1C022B975FD00D3C308 /* LaunchScreen.storyboard */; };
/* End PBXBuildFile section */

/* Begin PBXFileReference section */
		A01BF1B422B975FC00D3C308 /* udemy-ios-12-iamrich.app */ = {isa = PBXFileReference; explicitFileType = wrapper.application; includeInIndex = 0; path = "udemy-ios-12-iamrich.app"; sourceTree = BUILT_PRODUCTS_DIR; };
		A01BF1B722B975FC00D3C308 /* AppDelegate.swift */ = {isa = PBXFileReference; lastKnownFileType = sourcecode.swift; path = AppDelegate.swift; sourceTree = "<group>"; };
		A01BF1B922B975FC00D3C308 /* ViewController.swift */ = {isa = PBXFileReference; lastKnownFileType = sourcecode.swift; path = ViewController.swift; sourceTree = "<group>"; };
		A01BF1BC22B975FC00D3C308 /* Base */ = {isa = PBXFileReference; lastKnownFileType = file.storyboard; name = Base; path = Base.lproj/Main.storyboard; sourceTree = "<group>"; };
		A01BF1BE22B975FD00D3C308 /* Assets.xcassets */ = {isa = PBXFileReference; lastKnownFileType = folder.assetcatalog; path = Assets.xcassets; sourceTree = "<group>"; };
		A01BF1C122B975FD00D3C308 /* Base */ = {isa = PBXFileReference; lastKnownFileType = file.storyboard; name = Base; path = Base.lproj/LaunchScreen.storyboard; sourceTree = "<group>"; };
		A01BF1C322B975FD00D3C308 /* Info.plist */ = {isa = PBXFileReference; lastKnownFileType = text.plist.xml; path = Info.plist; sourceTree = "<group>"; };
/* End PBXFileReference section */

/* Begin PBXFrameworksBuildPhase section */
		A01BF1B122B975FC00D3C308 /* Frameworks */ = {
			isa = PBXFrameworksBuildPhase;
			buildActionMask = 2147483647;
			files = (
			);
			runOnlyForDeploymentPostprocessing = 0;
		};
/* End PBXFrameworksBuildPhase section */

/* Begin PBXGroup section */
		A01BF1AB22B975FC00D3C308 = {
			isa = PBXGroup;
			children = (
				A01BF1B622B975FC00D3C308 /* udemy-ios-12-iamrich */,
				A01BF1B522B975FC00D3C308 /* Products */,
			);
			sourceTree = "<group>";
		};
		A01BF1B522B975FC00D3C308 /* Products */ = {
			isa = PBXGroup;
			children = (
				A01BF1B422B975FC00D3C308 /* udemy-ios-12-iamrich.app */,
			);
			name = Products;
			sourceTree = "<group>";
		};
		A01BF1B622B975FC00D3C308 /* udemy-ios-12-iamrich */ = {
			isa = PBXGroup;
			children = (
				A01BF1B722B975FC00D3C308 /* AppDelegate.swift */,
				A01BF1B922B975FC00D3C308 /* ViewController.swift */,
				A01BF1BB22B975FC00D3C308 /* Main.storyboard */,
				A01BF1BE22B975FD00D3C308 /* Assets.xcassets */,
				A01BF1C022B975FD00D3C308 /* LaunchScreen.storyboard */,
				A01BF1C322B975FD00D3C308 /* Info.plist */,
			);
			path = "udemy-ios-12-iamrich";
			sourceTree = "<group>";
		};
/* End PBXGroup section */

/* Begin PBXNativeTarget section */
		A01BF1B322B975FC00D3C308 /* udemy-ios-12-iamrich */ = {
			isa = PBXNativeTarget;
			buildConfigurationList = A01BF1C622B975FD00D3C308 /* Build configuration list for PBXNativeTarget "udemy-ios-12-iamrich" */;
			buildPhases = (
				A01BF1B022B975FC00D3C308 /* Sources */,
				A01BF1B122B975FC00D3C308 /* Frameworks */,
				A01BF1B222B975FC00D3C308 /* Resources */,
			);
			buildRules = (
			);
			dependencies = (
			);
			name = "udemy-ios-12-iamrich";
			productName = "udemy-ios-12-iamrich";
			productReference = A01BF1B422B975FC00D3C308 /* udemy-ios-12-iamrich.app */;
			productType = "com.apple.product-type.application";
		};
/* End PBXNativeTarget section */

/* Begin PBXProject section */
		A01BF1AC22B975FC00D3C308 /* Project object */ = {
			isa = PBXProject;
			attributes = {
				LastSwiftUpdateCheck = 1020;
				LastUpgradeCheck = 1020;
				ORGANIZATIONNAME = "Eduardo Ribeiro da Silva";
				TargetAttributes = {
					A01BF1B322B975FC00D3C308 = {
						CreatedOnToolsVersion = 10.2.1;
					};
				};
			};
			buildConfigurationList = A01BF1AF22B975FC00D3C308 /* Build configuration list for PBXProject "udemy-ios-12-iamrich" */;
			compatibilityVersion = "Xcode 9.3";
			developmentRegion = en;
			hasScannedForEncodings = 0;
			knownRegions = (
				en,
				Base,
			);
			mainGroup = A01BF1AB22B975FC00D3C308;
			productRefGroup = A01BF1B522B975FC00D3C308 /* Products */;
			projectDirPath = "";
			projectRoot = "";
			targets = (
				A01BF1B322B975FC00D3C308 /* udemy-ios-12-iamrich */,
			);
		};
/* End PBXProject section */

/* Begin PBXResourcesBuildPhase section */
		A01BF1B222B975FC00D3C308 /* Resources */ = {
			isa = PBXResourcesBuildPhase;
			buildActionMask = 2147483647;
			files = (
				A01BF1C222B975FD00D3C308 /* LaunchScreen.storyboard in Resources */,
				A01BF1BF22B975FD00D3C308 /* Assets.xcassets in Resources */,
				A01BF1BD22B975FC00D3C308 /* Main.storyboard in Resources */,
			);
			runOnlyForDeploymentPostprocessing = 0;
		};
/* End PBXResourcesBuildPhase section */

/* Begin PBXSourcesBuildPhase section */
		A01BF1B022B975FC00D3C308 /* Sources */ = {
			isa = PBXSourcesBuildPhase;
			buildActionMask = 2147483647;
			files = (
				A01BF1BA22B975FC00D3C308 /* ViewController.swift in Sources */,
				A01BF1B822B975FC00D3C308 /* AppDelegate.swift in Sources */,
			);
			runOnlyForDeploymentPostprocessing = 0;
		};
/* End PBXSourcesBuildPhase section */

/* Begin PBXVariantGroup section */
		A01BF1BB22B975FC00D3C308 /* Main.storyboard */ = {
			isa = PBXVariantGroup;
			children = (
				A01BF1BC22B975FC00D3C308 /* Base */,
			);
			name = Main.storyboard;
			sourceTree = "<group>";
		};
		A01BF1C022B975FD00D3C308 /* LaunchScreen.storyboard */ = {
			isa = PBXVariantGroup;
			children = (
				A01BF1C122B975FD00D3C308 /* Base */,
			);
			name = LaunchScreen.storyboard;
			sourceTree = "<group>";
		};
/* End PBXVariantGroup section */

/* Begin XCBuildConfiguration section */
		A01BF1C422B975FD00D3C308 /* Debug */ = {
			isa = XCBuildConfiguration;
			buildSettings = {
				ALWAYS_SEARCH_USER_PATHS = NO;
				CLANG_ANALYZER_NONNULL = YES;
				CLANG_ANALYZER_NUMBER_OBJECT_CONVERSION = YES_AGGRESSIVE;
				CLANG_CXX_LANGUAGE_STANDARD = "gnu++14";
				CLANG_CXX_LIBRARY = "libc++";
				CLANG_ENABLE_MODULES = YES;
				CLANG_ENABLE_OBJC_ARC = YES;
				CLANG_ENABLE_OBJC_WEAK = YES;
				CLANG_WARN_BLOCK_CAPTURE_AUTORELEASING = YES;
				CLANG_WARN_BOOL_CONVERSION = YES;
				CLANG_WARN_COMMA = YES;
				CLANG_WARN_CONSTANT_CONVERSION = YES;
				CLANG_WARN_DEPRECATED_OBJC_IMPLEMENTATIONS = YES;
				CLANG_WARN_DIRECT_OBJC_ISA_USAGE = YES_ERROR;
				CLANG_WARN_DOCUMENTATION_COMMENTS = YES;
				CLANG_WARN_EMPTY_BODY = YES;
				CLANG_WARN_ENUM_CONVERSION = YES;
				CLANG_WARN_INFINITE_RECURSION = YES;
				CLANG_WARN_INT_CONVERSION = YES;
				CLANG_WARN_NON_LITERAL_NULL_CONVERSION = YES;
				CLANG_WARN_OBJC_IMPLICIT_RETAIN_SELF = YES;
				CLANG_WARN_OBJC_LITERAL_CONVERSION = YES;
				CLANG_WARN_OBJC_ROOT_CLASS = YES_ERROR;
				CLANG_WARN_RANGE_LOOP_ANALYSIS = YES;
				CLANG_WARN_STRICT_PROTOTYPES = YES;
				CLANG_WARN_SUSPICIOUS_MOVE = YES;
				CLANG_WARN_UNGUARDED_AVAILABILITY = YES_AGGRESSIVE;
				CLANG_WARN_UNREACHABLE_CODE = YES;
				CLANG_WARN__DUPLICATE_METHOD_MATCH = YES;
				CODE_SIGN_IDENTITY = "iPhone Developer";
				COPY_PHASE_STRIP = NO;
				DEBUG_INFORMATION_FORMAT = dwarf;
				ENABLE_STRICT_OBJC_MSGSEND = YES;
				ENABLE_TESTABILITY = YES;
				GCC_C_LANGUAGE_STANDARD = gnu11;
				GCC_DYNAMIC_NO_PIC = NO;
				GCC_NO_COMMON_BLOCKS = YES;
				GCC_OPTIMIZATION_LEVEL = 0;
				GCC_PREPROCESSOR_DEFINITIONS = (
					"DEBUG=1",
					"$(inherited)",
				);
				GCC_WARN_64_TO_32_BIT_CONVERSION = YES;
				GCC_WARN_ABOUT_RETURN_TYPE = YES_ERROR;
				GCC_WARN_UNDECLARED_SELECTOR = YES;
				GCC_WARN_UNINITIALIZED_AUTOS = YES_AGGRESSIVE;
				GCC_WARN_UNUSED_FUNCTION = YES;
				GCC_WARN_UNUSED_VARIABLE = YES;
				IPHONEOS_DEPLOYMENT_TARGET = 12.2;
				MTL_ENABLE_DEBUG_INFO = INCLUDE_SOURCE;
				MTL_FAST_MATH = YES;
				ONLY_ACTIVE_ARCH = YES;
				SDKROOT = iphoneos;
				SWIFT_ACTIVE_COMPILATION_CONDITIONS = DEBUG;
				SWIFT_OPTIMIZATION_LEVEL = "-Onone";
			};
			name = Debug;
		};
		A01BF1C522B975FD00D3C308 /* Release */ = {
			isa = XCBuildConfiguration;
			buildSettings = {
				ALWAYS_SEARCH_USER_PATHS = NO;
				CLANG_ANALYZER_NONNULL = YES;
				CLANG_ANALYZER_NUMBER_OBJECT_CONVERSION = YES_AGGRESSIVE;
				CLANG_CXX_LANGUAGE_STANDARD = "gnu++14";
				CLANG_CXX_LIBRARY = "libc++";
				CLANG_ENABLE_MODULES = YES;
				CLANG_ENABLE_OBJC_ARC = YES;
				CLANG_ENABLE_OBJC_WEAK = YES;
				CLANG_WARN_BLOCK_CAPTURE_AUTORELEASING = YES;
				CLANG_WARN_BOOL_CONVERSION = YES;
				CLANG_WARN_COMMA = YES;
				CLANG_WARN_CONSTANT_CONVERSION = YES;
				CLANG_WARN_DEPRECATED_OBJC_IMPLEMENTATIONS = YES;
				CLANG_WARN_DIRECT_OBJC_ISA_USAGE = YES_ERROR;
				CLANG_WARN_DOCUMENTATION_COMMENTS = YES;
				CLANG_WARN_EMPTY_BODY = YES;
				CLANG_WARN_ENUM_CONVERSION = YES;
				CLANG_WARN_INFINITE_RECURSION = YES;
				CLANG_WARN_INT_CONVERSION = YES;
				CLANG_WARN_NON_LITERAL_NULL_CONVERSION = YES;
				CLANG_WARN_OBJC_IMPLICIT_RETAIN_SELF = YES;
				CLANG_WARN_OBJC_LITERAL_CONVERSION = YES;
				CLANG_WARN_OBJC_ROOT_CLASS = YES_ERROR;
				CLANG_WARN_RANGE_LOOP_ANALYSIS = YES;
				CLANG_WARN_STRICT_PROTOTYPES = YES;
				CLANG_WARN_SUSPICIOUS_MOVE = YES;
				CLANG_WARN_UNGUARDED_AVAILABILITY = YES_AGGRESSIVE;
				CLANG_WARN_UNREACHABLE_CODE = YES;
				CLANG_WARN__DUPLICATE_METHOD_MATCH = YES;
				CODE_SIGN_IDENTITY = "iPhone Developer";
				COPY_PHASE_STRIP = NO;
				DEBUG_INFORMATION_FORMAT = "dwarf-with-dsym";
				ENABLE_NS_ASSERTIONS = NO;
				ENABLE_STRICT_OBJC_MSGSEND = YES;
				GCC_C_LANGUAGE_STANDARD = gnu11;
				GCC_NO_COMMON_BLOCKS = YES;
				GCC_WARN_64_TO_32_BIT_CONVERSION = YES;
				GCC_WARN_ABOUT_RETURN_TYPE = YES_ERROR;
				GCC_WARN_UNDECLARED_SELECTOR = YES;
				GCC_WARN_UNINITIALIZED_AUTOS = YES_AGGRESSIVE;
				GCC_WARN_UNUSED_FUNCTION = YES;
				GCC_WARN_UNUSED_VARIABLE = YES;
				IPHONEOS_DEPLOYMENT_TARGET = 12.2;
				MTL_ENABLE_DEBUG_INFO = NO;
				MTL_FAST_MATH = YES;
				SDKROOT = iphoneos;
				SWIFT_COMPILATION_MODE = wholemodule;
				SWIFT_OPTIMIZATION_LEVEL = "-O";
				VALIDATE_PRODUCT = YES;
			};
			name = Release;
		};
		A01BF1C722B975FD00D3C308 /* Debug */ = {
			isa = XCBuildConfiguration;
			buildSettings = {
				ASSETCATALOG_COMPILER_APPICON_NAME = AppIcon;
				CODE_SIGN_STYLE = Automatic;
				DEVELOPMENT_TEAM = 4GEJ8TUECN;
				INFOPLIST_FILE = "udemy-ios-12-iamrich/Info.plist";
				LD_RUNPATH_SEARCH_PATHS = (
					"$(inherited)",
					"@executable_path/Frameworks",
				);
				PRODUCT_BUNDLE_IDENTIFIER = "br.com.noumenon.udemy-ios-12-iamrich";
				PRODUCT_NAME = "$(TARGET_NAME)";
				SWIFT_VERSION = 5.0;
				TARGETED_DEVICE_FAMILY = "1,2";
			};
			name = Debug;
		};
		A01BF1C822B975FD00D3C308 /* Release */ = {
			isa = XCBuildConfiguration;
			buildSettings = {
				ASSETCATALOG_COMPILER_APPICON_NAME = AppIcon;
				CODE_SIGN_STYLE = Automatic;
				DEVELOPMENT_TEAM = 4GEJ8TUECN;
				INFOPLIST_FILE = "udemy-ios-12-iamrich/Info.plist";
				LD_RUNPATH_SEARCH_PATHS = (
					"$(inherited)",
					"@executable_path/Frameworks",
				);
				PRODUCT_BUNDLE_IDENTIFIER = "br.com.noumenon.udemy-ios-12-iamrich";
				PRODUCT_NAME = "$(TARGET_NAME)";
				SWIFT_VERSION = 5.0;
				TARGETED_DEVICE_FAMILY = "1,2";
			};
			name = Release;
		};
/* End XCBuildConfiguration section */

/* Begin XCConfigurationList section */
		A01BF1AF22B975FC00D3C308 /* Build configuration list for PBXProject "udemy-ios-12-iamrich" */ = {
			isa = XCConfigurationList;
			buildConfigurations = (
				A01BF1C422B975FD00D3C308 /* Debug */,
				A01BF1C522B975FD00D3C308 /* Release */,
			);
			defaultConfigurationIsVisible = 0;
			defaultConfigurationName = Release;
		};
		A01BF1C622B975FD00D3C308 /* Build configuration list for PBXNativeTarget "udemy-ios-12-iamrich" */ = {
			isa = XCConfigurationList;
			buildConfigurations = (
				A01BF1C722B975FD00D3C308 /* Debug */,
				A01BF1C822B975FD00D3C308 /* Release */,
			);
			defaultConfigurationIsVisible = 0;
			defaultConfigurationName = Release;
		};
/* End XCConfigurationList section */
	};
	rootObject = A01BF1AC22B975FC00D3C308 /* Project object */;
}
